
Microsoft Visual Studio Solution File, Format Version 12.00
# Visual Studio 14
VisualStudioVersion = 14.0.25420.1
MinimumVisualStudioVersion = 10.0.40219.1
Project("{FAE04EC0-301F-11D3-BF4B-00C04F79EFBC}") = "RfenergyUi", "RfenergyUi.csproj", "{4630057B-8E37-498F-B4F1-B22EA470C9C1}"
EndProject
Project("{FAE04EC0-301F-11D3-BF4B-00C04F79EFBC}") = "Interfaces", "..\Interfaces\Interfaces.csproj", "{C4DDA612-9E17-4262-BF95-C0A0FBBFBC3F}"
EndProject
Project("{FAE04EC0-301F-11D3-BF4B-00C04F79EFBC}") = "M2Module", "M2TestModule\M2Module.csproj", "{5E5CEA09-03F3-4A2D-A7D7-250273310472}"
EndProject
Project("{FAE04EC0-301F-11D3-BF4B-00C04F79EFBC}") = "NativeUsbLib452", "..\..\hid_io\NativeUsbLib\NativeUsbLib452.csproj", "{FFFC2E03-C3A3-4772-B127-1E19671D13D3}"
EndProject
Project("{8BC9CEB8-8B4A-11D0-8D11-00A0C91BC942}") = "mmc_io", "..\mmc_io\mmc_io.vcxproj", "{9683D96E-69DE-41AE-93CE-5707B8AC91A7}"
EndProject
Project("{FAE04EC0-301F-11D3-BF4B-00C04F79EFBC}") = "MmcDebug", "MmcDebug\MmcDebug.csproj", "{D2923ABA-20B3-497E-82BE-BAD87FF0175D}"
EndProject
Project("{FAE04EC0-301F-11D3-BF4B-00C04F79EFBC}") = "MmcModule", "MmcTestModule\MmcModule.csproj", "{0D0F9186-0BF4-4E4B-AA1E-6F17DFC7F033}"
EndProject
Project("{FAE04EC0-301F-11D3-BF4B-00C04F79EFBC}") = "RFBaseModule", "RFModule\RFBaseModule.csproj", "{39098F40-23C7-49EC-8BFA-1C4D254D2F7D}"
EndProject
Project("{FAE04EC0-301F-11D3-BF4B-00C04F79EFBC}") = "PowerMeterCal", "PowerCal\PowerMeterCal.csproj", "{3750FB56-0BDB-4AF5-B3C6-BB9974B2EDD7}"
EndProject
Project("{FAE04EC0-301F-11D3-BF4B-00C04F79EFBC}") = "ExternalPowerMeter", "..\ExternalMeter\ExternalPowerMeter.csproj", "{88F73812-4192-4065-9BEC-C078ADE33D02}"
EndProject
Project("{FAE04EC0-301F-11D3-BF4B-00C04F79EFBC}") = "S4Module", "S4Module\S4Module.csproj", "{9DA5570F-AA40-40AD-BE4D-CFE390B1EAF4}"
EndProject
Global
	GlobalSection(SolutionConfigurationPlatforms) = preSolution
		Debug|Any CPU = Debug|Any CPU
		Debug|x64 = Debug|x64
		Debug|x86 = Debug|x86
		Release|Any CPU = Release|Any CPU
		Release|x64 = Release|x64
		Release|x86 = Release|x86
	EndGlobalSection
	GlobalSection(ProjectConfigurationPlatforms) = postSolution
		{4630057B-8E37-498F-B4F1-B22EA470C9C1}.Debug|Any CPU.ActiveCfg = Debug|Any CPU
		{4630057B-8E37-498F-B4F1-B22EA470C9C1}.Debug|Any CPU.Build.0 = Debug|Any CPU
		{4630057B-8E37-498F-B4F1-B22EA470C9C1}.Debug|x64.ActiveCfg = Debug|Any CPU
		{4630057B-8E37-498F-B4F1-B22EA470C9C1}.Debug|x64.Build.0 = Debug|Any CPU
		{4630057B-8E37-498F-B4F1-B22EA470C9C1}.Debug|x86.ActiveCfg = Debug|Any CPU
		{4630057B-8E37-498F-B4F1-B22EA470C9C1}.Debug|x86.Build.0 = Debug|Any CPU
		{4630057B-8E37-498F-B4F1-B22EA470C9C1}.Release|Any CPU.ActiveCfg = Release|Any CPU
		{4630057B-8E37-498F-B4F1-B22EA470C9C1}.Release|Any CPU.Build.0 = Release|Any CPU
		{4630057B-8E37-498F-B4F1-B22EA470C9C1}.Release|x64.ActiveCfg = Release|Any CPU
		{4630057B-8E37-498F-B4F1-B22EA470C9C1}.Release|x64.Build.0 = Release|Any CPU
		{4630057B-8E37-498F-B4F1-B22EA470C9C1}.Release|x86.ActiveCfg = Release|Any CPU
		{4630057B-8E37-498F-B4F1-B22EA470C9C1}.Release|x86.Build.0 = Release|Any CPU
		{C4DDA612-9E17-4262-BF95-C0A0FBBFBC3F}.Debug|Any CPU.ActiveCfg = Debug|Any CPU
		{C4DDA612-9E17-4262-BF95-C0A0FBBFBC3F}.Debug|Any CPU.Build.0 = Debug|Any CPU
		{C4DDA612-9E17-4262-BF95-C0A0FBBFBC3F}.Debug|x64.ActiveCfg = Debug|Any CPU
		{C4DDA612-9E17-4262-BF95-C0A0FBBFBC3F}.Debug|x64.Build.0 = Debug|Any CPU
		{C4DDA612-9E17-4262-BF95-C0A0FBBFBC3F}.Debug|x86.ActiveCfg = Debug|Any CPU
		{C4DDA612-9E17-4262-BF95-C0A0FBBFBC3F}.Debug|x86.Build.0 = Debug|Any CPU
		{C4DDA612-9E17-4262-BF95-C0A0FBBFBC3F}.Release|Any CPU.ActiveCfg = Release|Any CPU
		{C4DDA612-9E17-4262-BF95-C0A0FBBFBC3F}.Release|Any CPU.Build.0 = Release|Any CPU
		{C4DDA612-9E17-4262-BF95-C0A0FBBFBC3F}.Release|x64.ActiveCfg = Release|Any CPU
		{C4DDA612-9E17-4262-BF95-C0A0FBBFBC3F}.Release|x64.Build.0 = Release|Any CPU
		{C4DDA612-9E17-4262-BF95-C0A0FBBFBC3F}.Release|x86.ActiveCfg = Release|Any CPU
		{C4DDA612-9E17-4262-BF95-C0A0FBBFBC3F}.Release|x86.Build.0 = Release|Any CPU
		{5E5CEA09-03F3-4A2D-A7D7-250273310472}.Debug|Any CPU.ActiveCfg = Debug|Any CPU
		{5E5CEA09-03F3-4A2D-A7D7-250273310472}.Debug|Any CPU.Build.0 = Debug|Any CPU
		{5E5CEA09-03F3-4A2D-A7D7-250273310472}.Debug|x64.ActiveCfg = Debug|Any CPU
		{5E5CEA09-03F3-4A2D-A7D7-250273310472}.Debug|x64.Build.0 = Debug|Any CPU
		{5E5CEA09-03F3-4A2D-A7D7-250273310472}.Debug|x86.ActiveCfg = Debug|Any CPU
		{5E5CEA09-03F3-4A2D-A7D7-250273310472}.Debug|x86.Build.0 = Debug|Any CPU
		{5E5CEA09-03F3-4A2D-A7D7-250273310472}.Release|Any CPU.ActiveCfg = Release|Any CPU
		{5E5CEA09-03F3-4A2D-A7D7-250273310472}.Release|Any CPU.Build.0 = Release|Any CPU
		{5E5CEA09-03F3-4A2D-A7D7-250273310472}.Release|x64.ActiveCfg = Release|Any CPU
		{5E5CEA09-03F3-4A2D-A7D7-250273310472}.Release|x64.Build.0 = Release|Any CPU
		{5E5CEA09-03F3-4A2D-A7D7-250273310472}.Release|x86.ActiveCfg = Release|Any CPU
		{5E5CEA09-03F3-4A2D-A7D7-250273310472}.Release|x86.Build.0 = Release|Any CPU
		{FFFC2E03-C3A3-4772-B127-1E19671D13D3}.Debug|Any CPU.ActiveCfg = Debug|Any CPU
		{FFFC2E03-C3A3-4772-B127-1E19671D13D3}.Debug|Any CPU.Build.0 = Debug|Any CPU
		{FFFC2E03-C3A3-4772-B127-1E19671D13D3}.Debug|x64.ActiveCfg = Debug|Any CPU
		{FFFC2E03-C3A3-4772-B127-1E19671D13D3}.Debug|x64.Build.0 = Debug|Any CPU
		{FFFC2E03-C3A3-4772-B127-1E19671D13D3}.Debug|x86.ActiveCfg = Debug|Any CPU
		{FFFC2E03-C3A3-4772-B127-1E19671D13D3}.Debug|x86.Build.0 = Debug|Any CPU
		{FFFC2E03-C3A3-4772-B127-1E19671D13D3}.Release|Any CPU.ActiveCfg = Release|Any CPU
		{FFFC2E03-C3A3-4772-B127-1E19671D13D3}.Release|Any CPU.Build.0 = Release|Any CPU
		{FFFC2E03-C3A3-4772-B127-1E19671D13D3}.Release|x64.ActiveCfg = Release|Any CPU
		{FFFC2E03-C3A3-4772-B127-1E19671D13D3}.Release|x64.Build.0 = Release|Any CPU
		{FFFC2E03-C3A3-4772-B127-1E19671D13D3}.Release|x86.ActiveCfg = Release|Any CPU
		{FFFC2E03-C3A3-4772-B127-1E19671D13D3}.Release|x86.Build.0 = Release|Any CPU
		{9683D96E-69DE-41AE-93CE-5707B8AC91A7}.Debug|Any CPU.ActiveCfg = Debug|Win32
		{9683D96E-69DE-41AE-93CE-5707B8AC91A7}.Debug|Any CPU.Build.0 = Debug|Win32
		{9683D96E-69DE-41AE-93CE-5707B8AC91A7}.Debug|x64.ActiveCfg = Debug|x64
		{9683D96E-69DE-41AE-93CE-5707B8AC91A7}.Debug|x64.Build.0 = Debug|x64
		{9683D96E-69DE-41AE-93CE-5707B8AC91A7}.Debug|x86.ActiveCfg = Debug|Win32
		{9683D96E-69DE-41AE-93CE-5707B8AC91A7}.Debug|x86.Build.0 = Debug|Win32
		{9683D96E-69DE-41AE-93CE-5707B8AC91A7}.Release|Any CPU.ActiveCfg = Release|Win32
		{9683D96E-69DE-41AE-93CE-5707B8AC91A7}.Release|Any CPU.Build.0 = Release|Win32
		{9683D96E-69DE-41AE-93CE-5707B8AC91A7}.Release|x64.ActiveCfg = Release|x64
		{9683D96E-69DE-41AE-93CE-5707B8AC91A7}.Release|x64.Build.0 = Release|x64
		{9683D96E-69DE-41AE-93CE-5707B8AC91A7}.Release|x86.ActiveCfg = Release|Win32
		{9683D96E-69DE-41AE-93CE-5707B8AC91A7}.Release|x86.Build.0 = Release|Win32
		{D2923ABA-20B3-497E-82BE-BAD87FF0175D}.Debug|Any CPU.ActiveCfg = Debug|Any CPU
		{D2923ABA-20B3-497E-82BE-BAD87FF0175D}.Debug|Any CPU.Build.0 = Debug|Any CPU
		{D2923ABA-20B3-497E-82BE-BAD87FF0175D}.Debug|x64.ActiveCfg = Debug|Any CPU
		{D2923ABA-20B3-497E-82BE-BAD87FF0175D}.Debug|x64.Build.0 = Debug|Any CPU
		{D2923ABA-20B3-497E-82BE-BAD87FF0175D}.Debug|x86.ActiveCfg = Debug|Any CPU
		{D2923ABA-20B3-497E-82BE-BAD87FF0175D}.Debug|x86.Build.0 = Debug|Any CPU
		{D2923ABA-20B3-497E-82BE-BAD87FF0175D}.Release|Any CPU.ActiveCfg = Release|Any CPU
		{D2923ABA-20B3-497E-82BE-BAD87FF0175D}.Release|Any CPU.Build.0 = Release|Any CPU
		{D2923ABA-20B3-497E-82BE-BAD87FF0175D}.Release|x64.ActiveCfg = Release|Any CPU
		{D2923ABA-20B3-497E-82BE-BAD87FF0175D}.Release|x64.Build.0 = Release|Any CPU
		{D2923ABA-20B3-497E-82BE-BAD87FF0175D}.Release|x86.ActiveCfg = Release|Any CPU
		{D2923ABA-20B3-497E-82BE-BAD87FF0175D}.Release|x86.Build.0 = Release|Any CPU
		{0D0F9186-0BF4-4E4B-AA1E-6F17DFC7F033}.Debug|Any CPU.ActiveCfg = Debug|Any CPU
		{0D0F9186-0BF4-4E4B-AA1E-6F17DFC7F033}.Debug|Any CPU.Build.0 = Debug|Any CPU
		{0D0F9186-0BF4-4E4B-AA1E-6F17DFC7F033}.Debug|x64.ActiveCfg = Debug|Any CPU
		{0D0F9186-0BF4-4E4B-AA1E-6F17DFC7F033}.Debug|x64.Build.0 = Debug|Any CPU
		{0D0F9186-0BF4-4E4B-AA1E-6F17DFC7F033}.Debug|x86.ActiveCfg = Debug|Any CPU
		{0D0F9186-0BF4-4E4B-AA1E-6F17DFC7F033}.Debug|x86.Build.0 = Debug|Any CPU
		{0D0F9186-0BF4-4E4B-AA1E-6F17DFC7F033}.Release|Any CPU.ActiveCfg = Release|Any CPU
		{0D0F9186-0BF4-4E4B-AA1E-6F17DFC7F033}.Release|Any CPU.Build.0 = Release|Any CPU
		{0D0F9186-0BF4-4E4B-AA1E-6F17DFC7F033}.Release|x64.ActiveCfg = Release|Any CPU
		{0D0F9186-0BF4-4E4B-AA1E-6F17DFC7F033}.Release|x64.Build.0 = Release|Any CPU
		{0D0F9186-0BF4-4E4B-AA1E-6F17DFC7F033}.Release|x86.ActiveCfg = Release|Any CPU
		{0D0F9186-0BF4-4E4B-AA1E-6F17DFC7F033}.Release|x86.Build.0 = Release|Any CPU
		{39098F40-23C7-49EC-8BFA-1C4D254D2F7D}.Debug|Any CPU.ActiveCfg = Debug|Any CPU
		{39098F40-23C7-49EC-8BFA-1C4D254D2F7D}.Debug|Any CPU.Build.0 = Debug|Any CPU
		{39098F40-23C7-49EC-8BFA-1C4D254D2F7D}.Debug|x64.ActiveCfg = Debug|Any CPU
		{39098F40-23C7-49EC-8BFA-1C4D254D2F7D}.Debug|x64.Build.0 = Debug|Any CPU
		{39098F40-23C7-49EC-8BFA-1C4D254D2F7D}.Debug|x86.ActiveCfg = Debug|Any CPU
		{39098F40-23C7-49EC-8BFA-1C4D254D2F7D}.Debug|x86.Build.0 = Debug|Any CPU
		{39098F40-23C7-49EC-8BFA-1C4D254D2F7D}.Release|Any CPU.ActiveCfg = Release|Any CPU
		{39098F40-23C7-49EC-8BFA-1C4D254D2F7D}.Release|Any CPU.Build.0 = Release|Any CPU
		{39098F40-23C7-49EC-8BFA-1C4D254D2F7D}.Release|x64.ActiveCfg = Release|Any CPU
		{39098F40-23C7-49EC-8BFA-1C4D254D2F7D}.Release|x64.Build.0 = Release|Any CPU
		{39098F40-23C7-49EC-8BFA-1C4D254D2F7D}.Release|x86.ActiveCfg = Release|Any CPU
		{39098F40-23C7-49EC-8BFA-1C4D254D2F7D}.Release|x86.Build.0 = Release|Any CPU
		{3750FB56-0BDB-4AF5-B3C6-BB9974B2EDD7}.Debug|Any CPU.ActiveCfg = Debug|Any CPU
		{3750FB56-0BDB-4AF5-B3C6-BB9974B2EDD7}.Debug|Any CPU.Build.0 = Debug|Any CPU
		{3750FB56-0BDB-4AF5-B3C6-BB9974B2EDD7}.Debug|x64.ActiveCfg = Debug|Any CPU
		{3750FB56-0BDB-4AF5-B3C6-BB9974B2EDD7}.Debug|x64.Build.0 = Debug|Any CPU
		{3750FB56-0BDB-4AF5-B3C6-BB9974B2EDD7}.Debug|x86.ActiveCfg = Debug|Any CPU
		{3750FB56-0BDB-4AF5-B3C6-BB9974B2EDD7}.Debug|x86.Build.0 = Debug|Any CPU
		{3750FB56-0BDB-4AF5-B3C6-BB9974B2EDD7}.Release|Any CPU.ActiveCfg = Release|Any CPU
		{3750FB56-0BDB-4AF5-B3C6-BB9974B2EDD7}.Release|Any CPU.Build.0 = Release|Any CPU
		{3750FB56-0BDB-4AF5-B3C6-BB9974B2EDD7}.Release|x64.ActiveCfg = Release|Any CPU
		{3750FB56-0BDB-4AF5-B3C6-BB9974B2EDD7}.Release|x64.Build.0 = Release|Any CPU
		{3750FB56-0BDB-4AF5-B3C6-BB9974B2EDD7}.Release|x86.ActiveCfg = Release|Any CPU
		{3750FB56-0BDB-4AF5-B3C6-BB9974B2EDD7}.Release|x86.Build.0 = Release|Any CPU
		{88F73812-4192-4065-9BEC-C078ADE33D02}.Debug|Any CPU.ActiveCfg = Debug|Any CPU
		{88F73812-4192-4065-9BEC-C078ADE33D02}.Debug|Any CPU.Build.0 = Debug|Any CPU
		{88F73812-4192-4065-9BEC-C078ADE33D02}.Debug|x64.ActiveCfg = Debug|Any CPU
		{88F73812-4192-4065-9BEC-C078ADE33D02}.Debug|x64.Build.0 = Debug|Any CPU
		{88F73812-4192-4065-9BEC-C078ADE33D02}.Debug|x86.ActiveCfg = Debug|Any CPU
		{88F73812-4192-4065-9BEC-C078ADE33D02}.Debug|x86.Build.0 = Debug|Any CPU
		{88F73812-4192-4065-9BEC-C078ADE33D02}.Release|Any CPU.ActiveCfg = Release|Any CPU
		{88F73812-4192-4065-9BEC-C078ADE33D02}.Release|Any CPU.Build.0 = Release|Any CPU
		{88F73812-4192-4065-9BEC-C078ADE33D02}.Release|x64.ActiveCfg = Release|Any CPU
		{88F73812-4192-4065-9BEC-C078ADE33D02}.Release|x64.Build.0 = Release|Any CPU
		{88F73812-4192-4065-9BEC-C078ADE33D02}.Release|x86.ActiveCfg = Release|Any CPU
		{88F73812-4192-4065-9BEC-C078ADE33D02}.Release|x86.Build.0 = Release|Any CPU
		{9DA5570F-AA40-40AD-BE4D-CFE390B1EAF4}.Debug|Any CPU.ActiveCfg = Debug|Any CPU
		{9DA5570F-AA40-40AD-BE4D-CFE390B1EAF4}.Debug|Any CPU.Build.0 = Debug|Any CPU
		{9DA5570F-AA40-40AD-BE4D-CFE390B1EAF4}.Debug|x64.ActiveCfg = Debug|Any CPU
		{9DA5570F-AA40-40AD-BE4D-CFE390B1EAF4}.Debug|x64.Build.0 = Debug|Any CPU
		{9DA5570F-AA40-40AD-BE4D-CFE390B1EAF4}.Debug|x86.ActiveCfg = Debug|Any CPU
		{9DA5570F-AA40-40AD-BE4D-CFE390B1EAF4}.Debug|x86.Build.0 = Debug|Any CPU
		{9DA5570F-AA40-40AD-BE4D-CFE390B1EAF4}.Release|Any CPU.ActiveCfg = Release|Any CPU
		{9DA5570F-AA40-40AD-BE4D-CFE390B1EAF4}.Release|Any CPU.Build.0 = Release|Any CPU
		{9DA5570F-AA40-40AD-BE4D-CFE390B1EAF4}.Release|x64.ActiveCfg = Release|Any CPU
		{9DA5570F-AA40-40AD-BE4D-CFE390B1EAF4}.Release|x64.Build.0 = Release|Any CPU
		{9DA5570F-AA40-40AD-BE4D-CFE390B1EAF4}.Release|x86.ActiveCfg = Release|Any CPU
		{9DA5570F-AA40-40AD-BE4D-CFE390B1EAF4}.Release|x86.Build.0 = Release|Any CPU
	EndGlobalSection
	GlobalSection(SolutionProperties) = preSolution
		HideSolutionNode = FALSE
	EndGlobalSection
EndGlobal
